{
    "_readme": [
        "This file locks the dependencies of your project to a known state",
        "Read more about it at https://getcomposer.org/doc/01-basic-usage.md#installing-dependencies",
        "This file is @generated automatically"
    ],
    "content-hash": "667c249be53066e9c00095d62ebb4a58",
    "packages": [
        {
            "name": "smuuf/php-peg",
            "version": "3.0.0",
            "source": {
                "type": "git",
                "url": "https://github.com/smuuf/php-peg.git",
                "reference": "dfb653ddfda6801adaee334d7fd0e0db0a13c7bd"
            },
            "dist": {
                "type": "zip",
                "url": "https://api.github.com/repos/smuuf/php-peg/zipball/dfb653ddfda6801adaee334d7fd0e0db0a13c7bd",
                "reference": "dfb653ddfda6801adaee334d7fd0e0db0a13c7bd",
                "shasum": ""
            },
            "require": {
                "php": ">=7.4"
            },
            "require-dev": {
                "nette/tester": "^2.4",
                "phpstan/phpstan": "^1.5"
            },
            "bin": [
                "bin/peg"
            ],
            "type": "library",
            "autoload": {
                "psr-0": {
                    "hafriedlander\\Peg": "lib"
                }
            },
            "notification-url": "https://packagist.org/downloads/",
            "license": [
                "MIT"
            ],
            "authors": [
                {
                    "name": "Hamish Friedlander",
                    "email": "hamish@silverstripe.com",
                    "role": "Developer"
                },
                {
                    "name": "Premysl Karbula",
                    "role": "Developer"
                },
                {
                    "name": "Johannes Künsebeck",
                    "email": "kuensebeck@googlemail.com",
                    "role": "Developer"
                },
                {
                    "name": "Dan Phillimore",
                    "email": "dan@ovms.co",
                    "role": "Developer"
                }
            ],
            "description": "PEG parser generator for PHP.",
            "homepage": "https://github.com/smuuf/php-peg",
            "keywords": [
                "DSL",
                "compiler",
                "parser",
                "peg"
            ],
            "support": {
                "source": "https://github.com/smuuf/php-peg/tree/3.0.0"
            },
            "time": "2022-04-25T23:35:01+00:00"
        }
    ],
    "packages-dev": [
        {
            "name": "nette/tester",
            "version": "v2.5.2",
            "source": {
                "type": "git",
                "url": "https://github.com/nette/tester.git",
                "reference": "328d7b64579cdbc82e0e01d92ea9c58b9cf0a327"
            },
            "dist": {
                "type": "zip",
                "url": "https://api.github.com/repos/nette/tester/zipball/328d7b64579cdbc82e0e01d92ea9c58b9cf0a327",
                "reference": "328d7b64579cdbc82e0e01d92ea9c58b9cf0a327",
                "shasum": ""
            },
            "require": {
                "php": ">=8.0 <8.4"
            },
            "require-dev": {
                "ext-simplexml": "*",
                "phpstan/phpstan": "^1.0"
            },
            "bin": [
                "src/tester"
            ],
            "type": "library",
            "extra": {
                "branch-alias": {
                    "dev-master": "2.5-dev"
                }
            },
            "autoload": {
                "classmap": [
                    "src/"
                ]
            },
            "notification-url": "https://packagist.org/downloads/",
            "license": [
                "BSD-3-Clause",
                "GPL-2.0-only",
                "GPL-3.0-only"
            ],
            "authors": [
                {
                    "name": "David Grudl",
                    "homepage": "https://davidgrudl.com"
                },
                {
                    "name": "Miloslav Hůla",
                    "homepage": "https://github.com/milo"
                },
                {
                    "name": "Nette Community",
                    "homepage": "https://nette.org/contributors"
                }
            ],
            "description": "Nette Tester: enjoyable unit testing in PHP with code coverage reporter. 🍏🍏🍎🍏",
            "homepage": "https://tester.nette.org",
            "keywords": [
                "Xdebug",
                "assertions",
                "clover",
                "code coverage",
                "nette",
                "pcov",
                "phpdbg",
                "phpunit",
                "testing",
                "unit"
            ],
            "support": {
                "issues": "https://github.com/nette/tester/issues",
                "source": "https://github.com/nette/tester/tree/v2.5.2"
            },
            "time": "2024-01-08T11:41:26+00:00"
        },
        {
            "name": "phpstan/phpstan",
            "version": "1.10.57",
            "source": {
                "type": "git",
                "url": "https://github.com/phpstan/phpstan.git",
                "reference": "1627b1d03446904aaa77593f370c5201d2ecc34e"
            },
            "dist": {
                "type": "zip",
                "url": "https://api.github.com/repos/phpstan/phpstan/zipball/1627b1d03446904aaa77593f370c5201d2ecc34e",
                "reference": "1627b1d03446904aaa77593f370c5201d2ecc34e",
                "shasum": ""
            },
            "require": {
                "php": "^7.2|^8.0"
            },
            "conflict": {
                "phpstan/phpstan-shim": "*"
            },
            "bin": [
                "phpstan",
                "phpstan.phar"
            ],
            "type": "library",
            "autoload": {
                "files": [
                    "bootstrap.php"
                ]
            },
            "notification-url": "https://packagist.org/downloads/",
            "license": [
                "MIT"
            ],
            "description": "PHPStan - PHP Static Analysis Tool",
            "keywords": [
                "dev",
                "static analysis"
            ],
            "support": {
                "docs": "https://phpstan.org/user-guide/getting-started",
                "forum": "https://github.com/phpstan/phpstan/discussions",
                "issues": "https://github.com/phpstan/phpstan/issues",
                "security": "https://github.com/phpstan/phpstan/security/policy",
                "source": "https://github.com/phpstan/phpstan-src"
            },
            "funding": [
                {
                    "url": "https://github.com/ondrejmirtes",
                    "type": "github"
                },
                {
                    "url": "https://github.com/phpstan",
                    "type": "github"
                },
                {
                    "url": "https://tidelift.com/funding/github/packagist/phpstan/phpstan",
                    "type": "tidelift"
                }
            ],
            "time": "2024-01-24T11:51:34+00:00"
        },
        {
            "name": "smuuf/koloader",
            "version": "dev-master",
            "source": {
                "type": "git",
                "url": "https://github.com/smuuf/koloader.git",
                "reference": "0cb5e90edc2a2157a82a1399e86fe532ab2a00b6"
            },
            "dist": {
                "type": "zip",
                "url": "https://api.github.com/repos/smuuf/koloader/zipball/0cb5e90edc2a2157a82a1399e86fe532ab2a00b6",
                "reference": "0cb5e90edc2a2157a82a1399e86fe532ab2a00b6",
                "shasum": ""
            },
            "require": {
                "php": ">=5.5.0"
            },
            "default-branch": true,
            "type": "library",
            "autoload": {
                "files": [
                    "src/loader.php"
                ]
            },
            "notification-url": "https://packagist.org/downloads/",
            "license": [
                "MIT"
            ],
            "authors": [
                {
                    "name": "Premysl Karbula",
                    "email": "premavansmuuf@gmail.com",
                    "homepage": "http://www.premyslkarbula.cz"
                }
            ],
            "description": "A lightweight directory-sniffing autoloader with caching.",
            "support": {
                "issues": "https://github.com/smuuf/koloader/issues",
                "source": "https://github.com/smuuf/koloader/tree/0.5"
            },
            "time": "2020-11-18T21:43:26+00:00"
        },
        {
            "name": "smuuf/phpcb",
            "version": "dev-master",
            "source": {
                "type": "git",
                "url": "https://github.com/smuuf/phpcb.git",
                "reference": "ccfb13a7a060a122ba0d802e5e20b83ce02589ad"
            },
            "dist": {
                "type": "zip",
                "url": "https://api.github.com/repos/smuuf/phpcb/zipball/ccfb13a7a060a122ba0d802e5e20b83ce02589ad",
                "reference": "ccfb13a7a060a122ba0d802e5e20b83ce02589ad",
                "shasum": ""
            },
            "require": {
                "ext-bcmath": "*",
                "php": ">=7.4"
            },
            "require-dev": {
                "nette/tester": "^2.4",
                "phpstan/phpstan": "^1.2"
            },
            "default-branch": true,
            "type": "library",
            "autoload": {
                "psr-4": {
                    "Smuuf\\Phpcb\\": "src/"
                }
            },
            "notification-url": "https://packagist.org/downloads/",
            "authors": [
                {
                    "name": "Premysl Karbula",
                    "email": "premavansmuuf+github@gmail.com"
                }
            ],
            "description": "PHP Code Benchmark",
            "support": {
                "issues": "https://github.com/smuuf/phpcb/issues",
                "source": "https://github.com/smuuf/phpcb/tree/0.5.2"
            },
            "time": "2021-12-21T15:18:09+00:00"
        }
    ],
    "aliases": [],
    "minimum-stability": "stable",
    "stability-flags": {
        "smuuf/koloader": 20,
        "smuuf/phpcb": 20
    },
    "prefer-stable": false,
    "prefer-lowest": false,
    "platform": {
        "php": "^8.2"
    },
    "platform-dev": [],
    "plugin-api-version": "2.6.0"
}
